lockfileVersion: 5.4

specifiers:
  '@napi-rs/cli': ^2.4.2
  '@noble/ed25519': ^1.6.0
  '@types/node': ^17.0.10

devDependencies:
  '@napi-rs/cli': 2.4.4
  '@noble/ed25519': 1.6.0
  '@types/node': 17.0.18

packages:

  /@napi-rs/cli/2.4.4:
    resolution: {integrity: sha512-f+tvwCv1ka24dBqI2DgBhR7Oxl3DKHOp4onxLXwyBFt6iCADnr3YZIr1/2Iq5r3uqxFgaf01bfPsRQZPkEp0kQ==}
    engines: {node: '>= 10'}
    hasBin: true
    dev: true

  /@noble/ed25519/1.6.0:
    resolution: {integrity: sha512-UKju89WV37IUALIMfKhKW3psO8AqmrE/GvH6QbPKjzolQ98zM7WmGUeY+xdIgSf5tqPFf75ZCYMgym6E9Jsw3Q==}
    dev: true

  /@types/node/17.0.18:
    resolution: {integrity: sha512-eKj4f/BsN/qcculZiRSujogjvp5O/k4lOW5m35NopjZM/QwLOR075a8pJW5hD+Rtdm2DaCVPENS6KtSQnUD6BA==}
    dev: true
